{
  "name": "homebridge-nut",
  "version": "1.0.14",
  "lockfileVersion": 1,
  "requires": true,
  "dependencies": {
    "lodash": {
      "version": "4.17.11",
      "resolved": "https://registry.npmjs.org/lodash/-/lodash-4.17.11.tgz",
      "integrity": "sha512-cQKh8igo5QUhZ7lg38DYWAxMvjSAKG0A8wGSVimP07SIUEK2UO+arSRKbRZWtelMtN5V0Hkwh5ryOto/SshYIg=="
    },
    "node-nut": {
      "version": "1.0.3",
      "resolved": "https://registry.npmjs.org/node-nut/-/node-nut-1.0.3.tgz",
      "integrity": "sha1-xdYF9hWtlcgY6oiSxpK7nUnEZi0="
    },
    "p-event": {
      "version": "4.0.0",
      "resolved": "https://registry.npmjs.org/p-event/-/p-event-4.0.0.tgz",
      "integrity": "sha512-5VKoUdeAfIlAXmASmre9vGlKjnwGwbr5Zwd3GZU2KmkaRgxEOeUUS5Oyh0qYMx8Y+0VTvvNjNIlqIvMpI/DKSw==",
      "requires": {
        "p-timeout": "^2.0.1"
      }
    },
    "p-finally": {
      "version": "1.0.0",
      "resolved": "https://registry.npmjs.org/p-finally/-/p-finally-1.0.0.tgz",
      "integrity": "sha1-P7z7FbiZpEEjs0ttzBi3JDNqLK4="
    },
    "p-timeout": {
      "version": "2.0.1",
      "resolved": "https://registry.npmjs.org/p-timeout/-/p-timeout-2.0.1.tgz",
      "integrity": "sha512-88em58dDVB/KzPEx1X0N3LwFfYZPyDc4B6eF38M1rk9VTZMbxXXgjugz8mmwpS9Ox4BDZ+t6t3QP5+/gazweIA==",
      "requires": {
        "p-finally": "^1.0.0"
      }
    }
  }
}
